
Microsoft Visual Studio Solution File, Format Version 12.00
# Visual Studio Version 16
VisualStudioVersion = 16.0.29728.190
MinimumVisualStudioVersion = 10.0.40219.1
Project("{FAE04EC0-301F-11D3-BF4B-00C04F79EFBC}") = "Validations", "Validations\Validations.csproj", "{0480909F-4A87-429C-AE19-081CBEC3A83F}"
EndProject
Global
	GlobalSection(SolutionConfigurationPlatforms) = preSolution
		Debug|Any CPU = Debug|Any CPU
		Release|Any CPU = Release|Any CPU
	EndGlobalSection
	GlobalSection(ProjectConfigurationPlatforms) = postSolution
		{0480909F-4A87-429C-AE19-081CBEC3A83F}.Debug|Any CPU.ActiveCfg = Debug|Any CPU
		{0480909F-4A87-429C-AE19-081CBEC3A83F}.Debug|Any CPU.Build.0 = Debug|Any CPU
		{0480909F-4A87-429C-AE19-081CBEC3A83F}.Release|Any CPU.ActiveCfg = Release|Any CPU
		{0480909F-4A87-429C-AE19-081CBEC3A83F}.Release|Any CPU.Build.0 = Release|Any CPU
	EndGlobalSection
	GlobalSection(SolutionProperties) = preSolution
		HideSolutionNode = FALSE
	EndGlobalSection
	GlobalSection(ExtensibilityGlobals) = postSolution
		SolutionGuid = {A6CDF21D-08AC-4DCA-A9F5-12B999496F05}
	EndGlobalSection
EndGlobal
